dependencies:
  espressif/esp-dsp:
    component_hash: 42dce32d46ac93dc11f60d368e29a830e9661c7345d794b8a45c343479cae636
    source:
      service_url: https://api.components.espressif.com/
      type: service
    version: 1.7.0
  idf:
    component_hash: null
    source:
      type: idf
    version: 4.4.7
manifest_hash: 9d3791e740d34974242c6c4c288cf8f2c6e3364b3e0b7749e415fb04b2f42c92
target: esp32
version: 1.0.0
