dependencies:
  espressif/esp-dsp:
    component_hash: 42dce32d46ac93dc11f60d368e29a830e9661c7345d794b8a45c343479cae636
    source:
      service_url: https://api.components.espressif.com/
      type: service
    version: 1.7.0
  espressif/json_parser:
    component_hash: d74b81729ad06ec11ff5eb5b1b0d7df1d00e6027fc11471f4b139c70dcf1b1e4
    source:
      service_url: https://api.components.espressif.com/
      type: service
    version: 1.0.3
  idf:
    component_hash: null
    source:
      type: idf
    version: 4.4.7
  joltwallet/littlefs:
    component_hash: 8db51df440618098a68a276ed032ecd1589e6decd95ae756e2941d85e4ac6c87
    source:
      service_url: https://api.components.espressif.com/
      type: service
    version: 1.16.0
manifest_hash: b8a16bad909b626a5ea64c3c72ae778a52b05041db63c40c8a485b2aae2fadfe
target: esp32
version: 1.0.0
